# Generated by buf. DO NOT EDIT.
version: v2
deps:
  - name: buf.build/cosmos/cosmos-proto
    commit: 1935555c206d4afb9e94615dfd0fad31
    digest: b5:0a29584117fe6433fa593d03fbda6b3964ddc59b986cd2277833ee01d4ac215a14b0286241462cd0dee6b460a108823dff5c7c42c9c1f4f7df861fcfa4bbebdf
  - name: buf.build/cosmos/cosmos-sdk
    commit: 954f7b05f38440fc8250134b15adec47
    digest: b5:277c452a656ede14d1a044fcba3a47531883cf39988401b1ed422a064e116aed8a28e671d9cea434aa0381f139ad194f98606bf45915a945cc354fb81135d09b
  - name: buf.build/cosmos/gogo-proto
    commit: 88ef6483f90f478fb938c37dde52ece3
    digest: b5:f0c69202c9bca9672dc72a9737ea9bc83744daaed2b3da77e3a95b0e53b86dee76b5a7405b993181d6c863fd64afaca0976a302f700d6c4912eb1692a1782c0a
  - name: buf.build/googleapis/googleapis
    commit: 7a6bc1e3207144b38e9066861e1de0ff
    digest: b5:6d05bde5ed4cd22531d7ca6467feb828d2dc45cc9de12ce3345fbddd64ddb1bf0db756558c32ca49e6bc7de4426ada8960d5590e8446854b81f5f36f0916dc48
